
Microsoft Visual Studio Solution File, Format Version 12.00
# Visual Studio Version 17
VisualStudioVersion = 17.11.35327.3
MinimumVisualStudioVersion = 10.0.40219.1
Project("{9A19103F-16F7-4668-BE54-9A1E7A4F7556}") = "ConsoleApp25,11,2024", "ConsoleApp25,11,2024\ConsoleApp25,11,2024.csproj", "{7CBF7E5D-C758-48AB-B5BB-7BCFDAE76247}"
EndProject
Project("{FAE04EC0-301F-11D3-BF4B-00C04F79EFBC}") = "ExpensesTrackerApplication", "ExpensesTrackerApplication\ExpensesTrackerApplication.csproj", "{A4243575-99A0-4813-99C9-12FA2B17F812}"
EndProject
Project("{FAE04EC0-301F-11D3-BF4B-00C04F79EFBC}") = "ExpensesTarckerLibrary", "ExpensesTarckerLybrary\ExpensesTarckerLibrary.csproj", "{3832CFAB-45C9-4811-A497-CD2D6AAA9A13}"
EndProject
Global
	GlobalSection(SolutionConfigurationPlatforms) = preSolution
		Debug|Any CPU = Debug|Any CPU
		Release|Any CPU = Release|Any CPU
	EndGlobalSection
	GlobalSection(ProjectConfigurationPlatforms) = postSolution
		{7CBF7E5D-C758-48AB-B5BB-7BCFDAE76247}.Debug|Any CPU.ActiveCfg = Debug|Any CPU
		{7CBF7E5D-C758-48AB-B5BB-7BCFDAE76247}.Debug|Any CPU.Build.0 = Debug|Any CPU
		{7CBF7E5D-C758-48AB-B5BB-7BCFDAE76247}.Release|Any CPU.ActiveCfg = Release|Any CPU
		{7CBF7E5D-C758-48AB-B5BB-7BCFDAE76247}.Release|Any CPU.Build.0 = Release|Any CPU
		{A4243575-99A0-4813-99C9-12FA2B17F812}.Debug|Any CPU.ActiveCfg = Debug|Any CPU
		{A4243575-99A0-4813-99C9-12FA2B17F812}.Debug|Any CPU.Build.0 = Debug|Any CPU
		{A4243575-99A0-4813-99C9-12FA2B17F812}.Release|Any CPU.ActiveCfg = Release|Any CPU
		{A4243575-99A0-4813-99C9-12FA2B17F812}.Release|Any CPU.Build.0 = Release|Any CPU
		{3832CFAB-45C9-4811-A497-CD2D6AAA9A13}.Debug|Any CPU.ActiveCfg = Debug|Any CPU
		{3832CFAB-45C9-4811-A497-CD2D6AAA9A13}.Debug|Any CPU.Build.0 = Debug|Any CPU
		{3832CFAB-45C9-4811-A497-CD2D6AAA9A13}.Release|Any CPU.ActiveCfg = Release|Any CPU
		{3832CFAB-45C9-4811-A497-CD2D6AAA9A13}.Release|Any CPU.Build.0 = Release|Any CPU
	EndGlobalSection
	GlobalSection(SolutionProperties) = preSolution
		HideSolutionNode = FALSE
	EndGlobalSection
	GlobalSection(ExtensibilityGlobals) = postSolution
		SolutionGuid = {58EB5CDB-C4F2-4128-9461-875795699B86}
	EndGlobalSection
EndGlobal
